
Microsoft Visual Studio Solution File, Format Version 12.00
# Visual Studio Version 16
VisualStudioVersion = 16.0.30309.148
MinimumVisualStudioVersion = 10.0.40219.1
Project("{FAE04EC0-301F-11D3-BF4B-00C04F79EFBC}") = "AddressBook", "AddressBook\AddressBook.csproj", "{7F613681-7794-4FE8-8CAA-77C47A736A4A}"
EndProject
Global
	GlobalSection(SolutionConfigurationPlatforms) = preSolution
		Debug|Any CPU = Debug|Any CPU
		Release|Any CPU = Release|Any CPU
	EndGlobalSection
	GlobalSection(ProjectConfigurationPlatforms) = postSolution
		{7F613681-7794-4FE8-8CAA-77C47A736A4A}.Debug|Any CPU.ActiveCfg = Debug|Any CPU
		{7F613681-7794-4FE8-8CAA-77C47A736A4A}.Debug|Any CPU.Build.0 = Debug|Any CPU
		{7F613681-7794-4FE8-8CAA-77C47A736A4A}.Release|Any CPU.ActiveCfg = Release|Any CPU
		{7F613681-7794-4FE8-8CAA-77C47A736A4A}.Release|Any CPU.Build.0 = Release|Any CPU
	EndGlobalSection
	GlobalSection(SolutionProperties) = preSolution
		HideSolutionNode = FALSE
	EndGlobalSection
	GlobalSection(ExtensibilityGlobals) = postSolution
		SolutionGuid = {4D703196-9A9A-44EA-ADB3-466B569C22B3}
	EndGlobalSection
EndGlobal
